
Microsoft Visual Studio Solution File, Format Version 12.00
# Visual Studio 2015
Project("{FAE04EC0-301F-11D3-BF4B-00C04F79EFBC}") = "current_teleport-master.CSharp", "current_teleport-master.CSharp.csproj", "{989FD407-1E28-0740-ED2E-F2780A7BE121}"
EndProject
Global
	GlobalSection(SolutionConfigurationPlatforms) = preSolution
		Debug|Any CPU = Debug|Any CPU
		Release|Any CPU = Release|Any CPU
	EndGlobalSection
	GlobalSection(ProjectConfigurationPlatforms) = postSolution
		{989FD407-1E28-0740-ED2E-F2780A7BE121}.Debug|Any CPU.ActiveCfg = Debug|Any CPU
		{989FD407-1E28-0740-ED2E-F2780A7BE121}.Debug|Any CPU.Build.0 = Debug|Any CPU
		{989FD407-1E28-0740-ED2E-F2780A7BE121}.Release|Any CPU.ActiveCfg = Release|Any CPU
		{989FD407-1E28-0740-ED2E-F2780A7BE121}.Release|Any CPU.Build.0 = Release|Any CPU
	EndGlobalSection
	GlobalSection(SolutionProperties) = preSolution
		HideSolutionNode = FALSE
	EndGlobalSection
EndGlobal
