
Microsoft Visual Studio Solution File, Format Version 12.00
# Visual Studio 2015
Project("{FAE04EC0-301F-11D3-BF4B-00C04F79EFBC}") = "Tele_PORTAL.CSharp", "Tele_PORTAL.CSharp.csproj", "{03952F99-D3FA-DEC8-1065-1ADD21FDD115}"
EndProject
Global
	GlobalSection(SolutionConfigurationPlatforms) = preSolution
		Debug|Any CPU = Debug|Any CPU
		Release|Any CPU = Release|Any CPU
	EndGlobalSection
	GlobalSection(ProjectConfigurationPlatforms) = postSolution
		{03952F99-D3FA-DEC8-1065-1ADD21FDD115}.Debug|Any CPU.ActiveCfg = Debug|Any CPU
		{03952F99-D3FA-DEC8-1065-1ADD21FDD115}.Debug|Any CPU.Build.0 = Debug|Any CPU
		{03952F99-D3FA-DEC8-1065-1ADD21FDD115}.Release|Any CPU.ActiveCfg = Release|Any CPU
		{03952F99-D3FA-DEC8-1065-1ADD21FDD115}.Release|Any CPU.Build.0 = Release|Any CPU
	EndGlobalSection
	GlobalSection(SolutionProperties) = preSolution
		HideSolutionNode = FALSE
	EndGlobalSection
EndGlobal
